{
    "_readme": [
        "This file locks the dependencies of your project to a known state",
        "Read more about it at https://getcomposer.org/doc/01-basic-usage.md#composer-lock-the-lock-file",
        "This file is @generated automatically"
    ],
    "hash": "3f92d24b5309aeb6cdfbd415103d07c0",
    "content-hash": "09a72e03e44eba5ab2d2ada4b291e2ca",
    "packages": [
        {
            "name": "colinodell/json5",
            "version": "v1.0.4",
            "source": {
                "type": "git",
                "url": "https://github.com/colinodell/json5.git",
                "reference": "a720fbdaa07c802797524ab46575a74a6ac30719"
            },
            "dist": {
                "type": "zip",
                "url": "https://api.github.com/repos/colinodell/json5/zipball/a720fbdaa07c802797524ab46575a74a6ac30719",
                "reference": "a720fbdaa07c802797524ab46575a74a6ac30719",
                "shasum": ""
            },
            "require": {
                "ext-json": "*",
                "ext-mbstring": "*",
                "php": "^5.4.8|^7.0"
            },
            "require-dev": {
                "mikehaertl/php-shellcommand": "^1.2.5",
                "phpunit/phpunit": "^4.8.36",
                "squizlabs/php_codesniffer": "^2.3",
                "symfony/finder": "^2.3"
            },
            "bin": [
                "bin/json5"
            ],
            "type": "library",
            "extra": {
                "branch-alias": {
                    "dev-master": "2.0-dev"
                }
            },
            "autoload": {
                "psr-4": {
                    "ColinODell\\Json5\\": "src"
                },
                "files": [
                    "src/global.php"
                ]
            },
            "notification-url": "https://packagist.org/downloads/",
            "license": [
                "MIT"
            ],
            "authors": [
                {
                    "name": "Colin O'Dell",
                    "email": "colinodell@gmail.com",
                    "homepage": "https://www.colinodell.com",
                    "role": "Developer"
                }
            ],
            "description": "UTF-8 compatible JSON5 parser for PHP",
            "homepage": "https://github.com/colinodell/json5",
            "keywords": [
                "JSON5",
                "json",
                "json5_decode",
                "json_decode"
            ],
            "time": "2018-01-14 23:52:11"
        },
        {
            "name": "tpgwidget/data",
            "version": "v1.0.1",
            "source": {
                "type": "git",
                "url": "https://github.com/tpgwidget/data.git",
                "reference": "5519ab212c1d655542f2c2ebe1eccfce39eb7d61"
            },
            "dist": {
                "type": "zip",
                "url": "https://api.github.com/repos/tpgwidget/data/zipball/5519ab212c1d655542f2c2ebe1eccfce39eb7d61",
                "reference": "5519ab212c1d655542f2c2ebe1eccfce39eb7d61",
                "shasum": ""
            },
            "require": {
                "colinodell/json5": "^1.0",
                "php": "~7.1"
            },
            "require-dev": {
                "phpunit/phpunit": "^7.0"
            },
            "type": "library",
            "autoload": {
                "psr-4": {
                    "TPGwidget\\Data\\": "src"
                }
            },
            "notification-url": "https://packagist.org/downloads/",
            "license": [
                "MIT"
            ],
            "authors": [
                {
                    "name": "Nicolas Ettlin",
                    "homepage": "https://www.nicolapps.ch/",
                    "role": "Developer"
                }
            ],
            "description": "Composer package to improve TPG API results",
            "keywords": [
                "geneva",
                "open-data",
                "tpg",
                "tpgwidget"
            ],
            "time": "2018-05-11 09:01:30"
        }
    ],
    "packages-dev": [],
    "aliases": [],
    "minimum-stability": "stable",
    "stability-flags": [],
    "prefer-stable": false,
    "prefer-lowest": false,
    "platform": [],
    "platform-dev": []
}
