{
    "_readme": [
        "This file locks the dependencies of your project to a known state",
        "Read more about it at https://getcomposer.org/doc/01-basic-usage.md#composer-lock-the-lock-file",
        "This file is @generated automatically"
    ],
    "hash": "451d6a1c1a81cc95dbac03d478553005",
    "content-hash": "8fa79ada47e9ef4e5c5db7c4315a219f",
    "packages": [
        {
            "name": "colinodell/json5",
            "version": "v1.0.5",
            "source": {
                "type": "git",
                "url": "https://github.com/colinodell/json5.git",
                "reference": "8c73e1a5cd933ed0e29fb5d5997f23902bd9804c"
            },
            "dist": {
                "type": "zip",
                "url": "https://api.github.com/repos/colinodell/json5/zipball/8c73e1a5cd933ed0e29fb5d5997f23902bd9804c",
                "reference": "8c73e1a5cd933ed0e29fb5d5997f23902bd9804c",
                "shasum": ""
            },
            "require": {
                "ext-json": "*",
                "ext-mbstring": "*",
                "php": "^5.4.8|^7.0"
            },
            "require-dev": {
                "mikehaertl/php-shellcommand": "^1.2.5",
                "phpunit/phpunit": "^4.8.36|^7.3",
                "squizlabs/php_codesniffer": "^2.3",
                "symfony/finder": "^2.8|^3.4|^4.1"
            },
            "bin": [
                "bin/json5"
            ],
            "type": "library",
            "extra": {
                "branch-alias": {
                    "dev-master": "2.0-dev"
                }
            },
            "autoload": {
                "psr-4": {
                    "ColinODell\\Json5\\": "src"
                },
                "files": [
                    "src/global.php"
                ]
            },
            "notification-url": "https://packagist.org/downloads/",
            "license": [
                "MIT"
            ],
            "authors": [
                {
                    "name": "Colin O'Dell",
                    "email": "colinodell@gmail.com",
                    "homepage": "https://www.colinodell.com",
                    "role": "Developer"
                }
            ],
            "description": "UTF-8 compatible JSON5 parser for PHP",
            "homepage": "https://github.com/colinodell/json5",
            "keywords": [
                "JSON5",
                "json",
                "json5_decode",
                "json_decode"
            ],
            "time": "2018-09-20 15:43:07"
        },
        {
            "name": "tpgwidget/data",
            "version": "v1.3.0",
            "source": {
                "type": "git",
                "url": "https://github.com/tpgwidget/data.git",
                "reference": "34f96eac20da542dd6d30d61fb60c70aacedaaf5"
            },
            "dist": {
                "type": "zip",
                "url": "https://api.github.com/repos/tpgwidget/data/zipball/34f96eac20da542dd6d30d61fb60c70aacedaaf5",
                "reference": "34f96eac20da542dd6d30d61fb60c70aacedaaf5",
                "shasum": ""
            },
            "require": {
                "colinodell/json5": "^1.0",
                "php": "~7.1"
            },
            "require-dev": {
                "phpunit/phpunit": "^7.0"
            },
            "type": "library",
            "autoload": {
                "psr-4": {
                    "TPGwidget\\Data\\": "src"
                }
            },
            "notification-url": "https://packagist.org/downloads/",
            "license": [
                "MIT"
            ],
            "authors": [
                {
                    "name": "Nicolas Ettlin",
                    "homepage": "https://www.nicolapps.ch/",
                    "role": "Developer"
                }
            ],
            "description": "Composer package to improve TPG API results",
            "keywords": [
                "geneva",
                "open-data",
                "tpg",
                "tpgwidget"
            ],
            "time": "2018-12-15 10:02:14"
        },
        {
            "name": "vlucas/phpdotenv",
            "version": "v2.5.1",
            "source": {
                "type": "git",
                "url": "https://github.com/vlucas/phpdotenv.git",
                "reference": "8abb4f9aa89ddea9d52112c65bbe8d0125e2fa8e"
            },
            "dist": {
                "type": "zip",
                "url": "https://api.github.com/repos/vlucas/phpdotenv/zipball/8abb4f9aa89ddea9d52112c65bbe8d0125e2fa8e",
                "reference": "8abb4f9aa89ddea9d52112c65bbe8d0125e2fa8e",
                "shasum": ""
            },
            "require": {
                "php": ">=5.3.9"
            },
            "require-dev": {
                "phpunit/phpunit": "^4.8.35 || ^5.0"
            },
            "type": "library",
            "extra": {
                "branch-alias": {
                    "dev-master": "2.5-dev"
                }
            },
            "autoload": {
                "psr-4": {
                    "Dotenv\\": "src/"
                }
            },
            "notification-url": "https://packagist.org/downloads/",
            "license": [
                "BSD-3-Clause"
            ],
            "authors": [
                {
                    "name": "Vance Lucas",
                    "email": "vance@vancelucas.com",
                    "homepage": "http://www.vancelucas.com"
                }
            ],
            "description": "Loads environment variables from `.env` to `getenv()`, `$_ENV` and `$_SERVER` automagically.",
            "keywords": [
                "dotenv",
                "env",
                "environment"
            ],
            "time": "2018-07-29 20:33:41"
        }
    ],
    "packages-dev": [],
    "aliases": [],
    "minimum-stability": "stable",
    "stability-flags": [],
    "prefer-stable": false,
    "prefer-lowest": false,
    "platform": [],
    "platform-dev": []
}
